// !$*UTF8*$!
{
	archiveVersion = 1;
	classes = {
	};
	objectVersion = 50;
	objects = {

/* Begin PBXBuildFile section */
		1D010CA321F157FD00437979 /* AppDelegate.swift in Sources */ = {isa = PBXBuildFile; fileRef = 1D010CA221F157FD00437979 /* AppDelegate.swift */; };
		1D010CA521F157FD00437979 /* WelcomeViewController.swift in Sources */ = {isa = PBXBuildFile; fileRef = 1D010CA421F157FD00437979 /* WelcomeViewController.swift */; };
		1D010CA821F157FD00437979 /* Main.storyboard in Resources */ = {isa = PBXBuildFile; fileRef = 1D010CA621F157FD00437979 /* Main.storyboard */; };
		1D010CAA21F1580100437979 /* Assets.xcassets in Resources */ = {isa = PBXBuildFile; fileRef = 1D010CA921F1580100437979 /* Assets.xcassets */; };
		1D010CAD21F1580100437979 /* LaunchScreen.storyboard in Resources */ = {isa = PBXBuildFile; fileRef = 1D010CAB21F1580100437979 /* LaunchScreen.storyboard */; };
		1D010CB621F15FD800437979 /* BorderButton.swift in Sources */ = {isa = PBXBuildFile; fileRef = 1D010CB521F15FD800437979 /* BorderButton.swift */; };
		1D28C53B21F38B1500F38901 /* LeagueViewContoller.swift in Sources */ = {isa = PBXBuildFile; fileRef = 1D28C53A21F38B1500F38901 /* LeagueViewContoller.swift */; };
		1D28C53D21F38B3100F38901 /* SkillViewController.swift in Sources */ = {isa = PBXBuildFile; fileRef = 1D28C53C21F38B3100F38901 /* SkillViewController.swift */; };
/* End PBXBuildFile section */

/* Begin PBXFileReference section */
		1D010C9F21F157FD00437979 /* appSwoosh.app */ = {isa = PBXFileReference; explicitFileType = wrapper.application; includeInIndex = 0; path = appSwoosh.app; sourceTree = BUILT_PRODUCTS_DIR; };
		1D010CA221F157FD00437979 /* AppDelegate.swift */ = {isa = PBXFileReference; lastKnownFileType = sourcecode.swift; path = AppDelegate.swift; sourceTree = "<group>"; };
		1D010CA421F157FD00437979 /* WelcomeViewController.swift */ = {isa = PBXFileReference; lastKnownFileType = sourcecode.swift; path = WelcomeViewController.swift; sourceTree = "<group>"; };
		1D010CA721F157FD00437979 /* Base */ = {isa = PBXFileReference; lastKnownFileType = file.storyboard; name = Base; path = Base.lproj/Main.storyboard; sourceTree = "<group>"; };
		1D010CA921F1580100437979 /* Assets.xcassets */ = {isa = PBXFileReference; lastKnownFileType = folder.assetcatalog; path = Assets.xcassets; sourceTree = "<group>"; };
		1D010CAC21F1580100437979 /* Base */ = {isa = PBXFileReference; lastKnownFileType = file.storyboard; name = Base; path = Base.lproj/LaunchScreen.storyboard; sourceTree = "<group>"; };
		1D010CAE21F1580100437979 /* Info.plist */ = {isa = PBXFileReference; lastKnownFileType = text.plist.xml; path = Info.plist; sourceTree = "<group>"; };
		1D010CB521F15FD800437979 /* BorderButton.swift */ = {isa = PBXFileReference; lastKnownFileType = sourcecode.swift; path = BorderButton.swift; sourceTree = "<group>"; };
		1D28C53A21F38B1500F38901 /* LeagueViewContoller.swift */ = {isa = PBXFileReference; lastKnownFileType = sourcecode.swift; path = LeagueViewContoller.swift; sourceTree = "<group>"; };
		1D28C53C21F38B3100F38901 /* SkillViewController.swift */ = {isa = PBXFileReference; lastKnownFileType = sourcecode.swift; path = SkillViewController.swift; sourceTree = "<group>"; };
/* End PBXFileReference section */

/* Begin PBXFrameworksBuildPhase section */
		1D010C9C21F157FD00437979 /* Frameworks */ = {
			isa = PBXFrameworksBuildPhase;
			buildActionMask = 2147483647;
			files = (
			);
			runOnlyForDeploymentPostprocessing = 0;
		};
/* End PBXFrameworksBuildPhase section */

/* Begin PBXGroup section */
		1D010C9621F157FD00437979 = {
			isa = PBXGroup;
			children = (
				1D010CA121F157FD00437979 /* appSwoosh */,
				1D010CA021F157FD00437979 /* Products */,
			);
			sourceTree = "<group>";
		};
		1D010CA021F157FD00437979 /* Products */ = {
			isa = PBXGroup;
			children = (
				1D010C9F21F157FD00437979 /* appSwoosh.app */,
			);
			name = Products;
			sourceTree = "<group>";
		};
		1D010CA121F157FD00437979 /* appSwoosh */ = {
			isa = PBXGroup;
			children = (
				1D28C53921F38A4800F38901 /* Model */,
				1D28C53821F38A3F00F38901 /* Controller */,
				1D010CB421F15F6900437979 /* View */,
				1D010CA221F157FD00437979 /* AppDelegate.swift */,
				1D010CA621F157FD00437979 /* Main.storyboard */,
				1D010CA921F1580100437979 /* Assets.xcassets */,
				1D010CAB21F1580100437979 /* LaunchScreen.storyboard */,
				1D010CAE21F1580100437979 /* Info.plist */,
			);
			path = appSwoosh;
			sourceTree = "<group>";
		};
		1D010CB421F15F6900437979 /* View */ = {
			isa = PBXGroup;
			children = (
				1D010CB521F15FD800437979 /* BorderButton.swift */,
			);
			path = View;
			sourceTree = "<group>";
		};
		1D28C53821F38A3F00F38901 /* Controller */ = {
			isa = PBXGroup;
			children = (
				1D010CA421F157FD00437979 /* WelcomeViewController.swift */,
				1D28C53A21F38B1500F38901 /* LeagueViewContoller.swift */,
				1D28C53C21F38B3100F38901 /* SkillViewController.swift */,
			);
			path = Controller;
			sourceTree = "<group>";
		};
		1D28C53921F38A4800F38901 /* Model */ = {
			isa = PBXGroup;
			children = (
			);
			path = Model;
			sourceTree = "<group>";
		};
/* End PBXGroup section */

/* Begin PBXNativeTarget section */
		1D010C9E21F157FD00437979 /* appSwoosh */ = {
			isa = PBXNativeTarget;
			buildConfigurationList = 1D010CB121F1580100437979 /* Build configuration list for PBXNativeTarget "appSwoosh" */;
			buildPhases = (
				1D010C9B21F157FD00437979 /* Sources */,
				1D010C9C21F157FD00437979 /* Frameworks */,
				1D010C9D21F157FD00437979 /* Resources */,
			);
			buildRules = (
			);
			dependencies = (
			);
			name = appSwoosh;
			productName = appSwoosh;
			productReference = 1D010C9F21F157FD00437979 /* appSwoosh.app */;
			productType = "com.apple.product-type.application";
		};
/* End PBXNativeTarget section */

/* Begin PBXProject section */
		1D010C9721F157FD00437979 /* Project object */ = {
			isa = PBXProject;
			attributes = {
				LastSwiftUpdateCheck = 1010;
				LastUpgradeCheck = 1010;
				ORGANIZATIONNAME = "Albert Leon";
				TargetAttributes = {
					1D010C9E21F157FD00437979 = {
						CreatedOnToolsVersion = 10.1;
					};
				};
			};
			buildConfigurationList = 1D010C9A21F157FD00437979 /* Build configuration list for PBXProject "appSwoosh" */;
			compatibilityVersion = "Xcode 9.3";
			developmentRegion = en;
			hasScannedForEncodings = 0;
			knownRegions = (
				en,
				Base,
			);
			mainGroup = 1D010C9621F157FD00437979;
			productRefGroup = 1D010CA021F157FD00437979 /* Products */;
			projectDirPath = "";
			projectRoot = "";
			targets = (
				1D010C9E21F157FD00437979 /* appSwoosh */,
			);
		};
/* End PBXProject section */

/* Begin PBXResourcesBuildPhase section */
		1D010C9D21F157FD00437979 /* Resources */ = {
			isa = PBXResourcesBuildPhase;
			buildActionMask = 2147483647;
			files = (
				1D010CAD21F1580100437979 /* LaunchScreen.storyboard in Resources */,
				1D010CAA21F1580100437979 /* Assets.xcassets in Resources */,
				1D010CA821F157FD00437979 /* Main.storyboard in Resources */,
			);
			runOnlyForDeploymentPostprocessing = 0;
		};
/* End PBXResourcesBuildPhase section */

/* Begin PBXSourcesBuildPhase section */
		1D010C9B21F157FD00437979 /* Sources */ = {
			isa = PBXSourcesBuildPhase;
			buildActionMask = 2147483647;
			files = (
				1D28C53B21F38B1500F38901 /* LeagueViewContoller.swift in Sources */,
				1D010CA521F157FD00437979 /* WelcomeViewController.swift in Sources */,
				1D28C53D21F38B3100F38901 /* SkillViewController.swift in Sources */,
				1D010CA321F157FD00437979 /* AppDelegate.swift in Sources */,
				1D010CB621F15FD800437979 /* BorderButton.swift in Sources */,
			);
			runOnlyForDeploymentPostprocessing = 0;
		};
/* End PBXSourcesBuildPhase section */

/* Begin PBXVariantGroup section */
		1D010CA621F157FD00437979 /* Main.storyboard */ = {
			isa = PBXVariantGroup;
			children = (
				1D010CA721F157FD00437979 /* Base */,
			);
			name = Main.storyboard;
			sourceTree = "<group>";
		};
		1D010CAB21F1580100437979 /* LaunchScreen.storyboard */ = {
			isa = PBXVariantGroup;
			children = (
				1D010CAC21F1580100437979 /* Base */,
			);
			name = LaunchScreen.storyboard;
			sourceTree = "<group>";
		};
/* End PBXVariantGroup section */

/* Begin XCBuildConfiguration section */
		1D010CAF21F1580100437979 /* Debug */ = {
			isa = XCBuildConfiguration;
			buildSettings = {
				ALWAYS_SEARCH_USER_PATHS = NO;
				CLANG_ANALYZER_NONNULL = YES;
				CLANG_ANALYZER_NUMBER_OBJECT_CONVERSION = YES_AGGRESSIVE;
				CLANG_CXX_LANGUAGE_STANDARD = "gnu++14";
				CLANG_CXX_LIBRARY = "libc++";
				CLANG_ENABLE_MODULES = YES;
				CLANG_ENABLE_OBJC_ARC = YES;
				CLANG_ENABLE_OBJC_WEAK = YES;
				CLANG_WARN_BLOCK_CAPTURE_AUTORELEASING = YES;
				CLANG_WARN_BOOL_CONVERSION = YES;
				CLANG_WARN_COMMA = YES;
				CLANG_WARN_CONSTANT_CONVERSION = YES;
				CLANG_WARN_DEPRECATED_OBJC_IMPLEMENTATIONS = YES;
				CLANG_WARN_DIRECT_OBJC_ISA_USAGE = YES_ERROR;
				CLANG_WARN_DOCUMENTATION_COMMENTS = YES;
				CLANG_WARN_EMPTY_BODY = YES;
				CLANG_WARN_ENUM_CONVERSION = YES;
				CLANG_WARN_INFINITE_RECURSION = YES;
				CLANG_WARN_INT_CONVERSION = YES;
				CLANG_WARN_NON_LITERAL_NULL_CONVERSION = YES;
				CLANG_WARN_OBJC_IMPLICIT_RETAIN_SELF = YES;
				CLANG_WARN_OBJC_LITERAL_CONVERSION = YES;
				CLANG_WARN_OBJC_ROOT_CLASS = YES_ERROR;
				CLANG_WARN_RANGE_LOOP_ANALYSIS = YES;
				CLANG_WARN_STRICT_PROTOTYPES = YES;
				CLANG_WARN_SUSPICIOUS_MOVE = YES;
				CLANG_WARN_UNGUARDED_AVAILABILITY = YES_AGGRESSIVE;
				CLANG_WARN_UNREACHABLE_CODE = YES;
				CLANG_WARN__DUPLICATE_METHOD_MATCH = YES;
				CODE_SIGN_IDENTITY = "iPhone Developer";
				COPY_PHASE_STRIP = NO;
				DEBUG_INFORMATION_FORMAT = dwarf;
				ENABLE_STRICT_OBJC_MSGSEND = YES;
				ENABLE_TESTABILITY = YES;
				GCC_C_LANGUAGE_STANDARD = gnu11;
				GCC_DYNAMIC_NO_PIC = NO;
				GCC_NO_COMMON_BLOCKS = YES;
				GCC_OPTIMIZATION_LEVEL = 0;
				GCC_PREPROCESSOR_DEFINITIONS = (
					"DEBUG=1",
					"$(inherited)",
				);
				GCC_WARN_64_TO_32_BIT_CONVERSION = YES;
				GCC_WARN_ABOUT_RETURN_TYPE = YES_ERROR;
				GCC_WARN_UNDECLARED_SELECTOR = YES;
				GCC_WARN_UNINITIALIZED_AUTOS = YES_AGGRESSIVE;
				GCC_WARN_UNUSED_FUNCTION = YES;
				GCC_WARN_UNUSED_VARIABLE = YES;
				IPHONEOS_DEPLOYMENT_TARGET = 12.1;
				MTL_ENABLE_DEBUG_INFO = INCLUDE_SOURCE;
				MTL_FAST_MATH = YES;
				ONLY_ACTIVE_ARCH = YES;
				SDKROOT = iphoneos;
				SWIFT_ACTIVE_COMPILATION_CONDITIONS = DEBUG;
				SWIFT_OPTIMIZATION_LEVEL = "-Onone";
			};
			name = Debug;
		};
		1D010CB021F1580100437979 /* Release */ = {
			isa = XCBuildConfiguration;
			buildSettings = {
				ALWAYS_SEARCH_USER_PATHS = NO;
				CLANG_ANALYZER_NONNULL = YES;
				CLANG_ANALYZER_NUMBER_OBJECT_CONVERSION = YES_AGGRESSIVE;
				CLANG_CXX_LANGUAGE_STANDARD = "gnu++14";
				CLANG_CXX_LIBRARY = "libc++";
				CLANG_ENABLE_MODULES = YES;
				CLANG_ENABLE_OBJC_ARC = YES;
				CLANG_ENABLE_OBJC_WEAK = YES;
				CLANG_WARN_BLOCK_CAPTURE_AUTORELEASING = YES;
				CLANG_WARN_BOOL_CONVERSION = YES;
				CLANG_WARN_COMMA = YES;
				CLANG_WARN_CONSTANT_CONVERSION = YES;
				CLANG_WARN_DEPRECATED_OBJC_IMPLEMENTATIONS = YES;
				CLANG_WARN_DIRECT_OBJC_ISA_USAGE = YES_ERROR;
				CLANG_WARN_DOCUMENTATION_COMMENTS = YES;
				CLANG_WARN_EMPTY_BODY = YES;
				CLANG_WARN_ENUM_CONVERSION = YES;
				CLANG_WARN_INFINITE_RECURSION = YES;
				CLANG_WARN_INT_CONVERSION = YES;
				CLANG_WARN_NON_LITERAL_NULL_CONVERSION = YES;
				CLANG_WARN_OBJC_IMPLICIT_RETAIN_SELF = YES;
				CLANG_WARN_OBJC_LITERAL_CONVERSION = YES;
				CLANG_WARN_OBJC_ROOT_CLASS = YES_ERROR;
				CLANG_WARN_RANGE_LOOP_ANALYSIS = YES;
				CLANG_WARN_STRICT_PROTOTYPES = YES;
				CLANG_WARN_SUSPICIOUS_MOVE = YES;
				CLANG_WARN_UNGUARDED_AVAILABILITY = YES_AGGRESSIVE;
				CLANG_WARN_UNREACHABLE_CODE = YES;
				CLANG_WARN__DUPLICATE_METHOD_MATCH = YES;
				CODE_SIGN_IDENTITY = "iPhone Developer";
				COPY_PHASE_STRIP = NO;
				DEBUG_INFORMATION_FORMAT = "dwarf-with-dsym";
				ENABLE_NS_ASSERTIONS = NO;
				ENABLE_STRICT_OBJC_MSGSEND = YES;
				GCC_C_LANGUAGE_STANDARD = gnu11;
				GCC_NO_COMMON_BLOCKS = YES;
				GCC_WARN_64_TO_32_BIT_CONVERSION = YES;
				GCC_WARN_ABOUT_RETURN_TYPE = YES_ERROR;
				GCC_WARN_UNDECLARED_SELECTOR = YES;
				GCC_WARN_UNINITIALIZED_AUTOS = YES_AGGRESSIVE;
				GCC_WARN_UNUSED_FUNCTION = YES;
				GCC_WARN_UNUSED_VARIABLE = YES;
				IPHONEOS_DEPLOYMENT_TARGET = 12.1;
				MTL_ENABLE_DEBUG_INFO = NO;
				MTL_FAST_MATH = YES;
				SDKROOT = iphoneos;
				SWIFT_COMPILATION_MODE = wholemodule;
				SWIFT_OPTIMIZATION_LEVEL = "-O";
				VALIDATE_PRODUCT = YES;
			};
			name = Release;
		};
		1D010CB221F1580100437979 /* Debug */ = {
			isa = XCBuildConfiguration;
			buildSettings = {
				ASSETCATALOG_COMPILER_APPICON_NAME = AppIcon;
				CODE_SIGN_STYLE = Automatic;
				INFOPLIST_FILE = appSwoosh/Info.plist;
				LD_RUNPATH_SEARCH_PATHS = (
					"$(inherited)",
					"@executable_path/Frameworks",
				);
				PRODUCT_BUNDLE_IDENTIFIER = mytoy.appSwoosh;
				PRODUCT_NAME = "$(TARGET_NAME)";
				SWIFT_VERSION = 4.2;
				TARGETED_DEVICE_FAMILY = "1,2";
			};
			name = Debug;
		};
		1D010CB321F1580100437979 /* Release */ = {
			isa = XCBuildConfiguration;
			buildSettings = {
				ASSETCATALOG_COMPILER_APPICON_NAME = AppIcon;
				CODE_SIGN_STYLE = Automatic;
				INFOPLIST_FILE = appSwoosh/Info.plist;
				LD_RUNPATH_SEARCH_PATHS = (
					"$(inherited)",
					"@executable_path/Frameworks",
				);
				PRODUCT_BUNDLE_IDENTIFIER = mytoy.appSwoosh;
				PRODUCT_NAME = "$(TARGET_NAME)";
				SWIFT_VERSION = 4.2;
				TARGETED_DEVICE_FAMILY = "1,2";
			};
			name = Release;
		};
/* End XCBuildConfiguration section */

/* Begin XCConfigurationList section */
		1D010C9A21F157FD00437979 /* Build configuration list for PBXProject "appSwoosh" */ = {
			isa = XCConfigurationList;
			buildConfigurations = (
				1D010CAF21F1580100437979 /* Debug */,
				1D010CB021F1580100437979 /* Release */,
			);
			defaultConfigurationIsVisible = 0;
			defaultConfigurationName = Release;
		};
		1D010CB121F1580100437979 /* Build configuration list for PBXNativeTarget "appSwoosh" */ = {
			isa = XCConfigurationList;
			buildConfigurations = (
				1D010CB221F1580100437979 /* Debug */,
				1D010CB321F1580100437979 /* Release */,
			);
			defaultConfigurationIsVisible = 0;
			defaultConfigurationName = Release;
		};
/* End XCConfigurationList section */
	};
	rootObject = 1D010C9721F157FD00437979 /* Project object */;
}
